// !$*UTF8*$!
{
	archiveVersion = 1;
	classes = {
	};
	objectVersion = 56;
	objects = {

/* Begin PBXBuildFile section */
		18A3A9872A0FEDC000502310 /* AppDelegate.swift in Sources */ = {isa = PBXBuildFile; fileRef = 18A3A9862A0FEDC000502310 /* AppDelegate.swift */; };
		18A3A9892A0FEDC000502310 /* SceneDelegate.swift in Sources */ = {isa = PBXBuildFile; fileRef = 18A3A9882A0FEDC000502310 /* SceneDelegate.swift */; };
		18A3A98B2A0FEDC000502310 /* ViewController.swift in Sources */ = {isa = PBXBuildFile; fileRef = 18A3A98A2A0FEDC000502310 /* ViewController.swift */; };
		18A3A98E2A0FEDC000502310 /* Main.storyboard in Resources */ = {isa = PBXBuildFile; fileRef = 18A3A98C2A0FEDC000502310 /* Main.storyboard */; };
		18A3A9902A0FEDD700502310 /* Assets.xcassets in Resources */ = {isa = PBXBuildFile; fileRef = 18A3A98F2A0FEDD700502310 /* Assets.xcassets */; };
		18A3A9932A0FEDD700502310 /* LaunchScreen.storyboard in Resources */ = {isa = PBXBuildFile; fileRef = 18A3A9912A0FEDD700502310 /* LaunchScreen.storyboard */; };
		18A3A99E2A0FEDD700502310 /* UserLoginTests.swift in Sources */ = {isa = PBXBuildFile; fileRef = 18A3A99D2A0FEDD700502310 /* UserLoginTests.swift */; };
		18A3A9A82A0FEDD800502310 /* UserLoginUITests.swift in Sources */ = {isa = PBXBuildFile; fileRef = 18A3A9A72A0FEDD800502310 /* UserLoginUITests.swift */; };
		18A3A9AA2A0FEDD800502310 /* UserLoginUITestsLaunchTests.swift in Sources */ = {isa = PBXBuildFile; fileRef = 18A3A9A92A0FEDD800502310 /* UserLoginUITestsLaunchTests.swift */; };
/* End PBXBuildFile section */

/* Begin PBXContainerItemProxy section */
		18A3A99A2A0FEDD700502310 /* PBXContainerItemProxy */ = {
			isa = PBXContainerItemProxy;
			containerPortal = 18A3A97B2A0FEDC000502310 /* Project object */;
			proxyType = 1;
			remoteGlobalIDString = 18A3A9822A0FEDC000502310;
			remoteInfo = UserLogin;
		};
		18A3A9A42A0FEDD800502310 /* PBXContainerItemProxy */ = {
			isa = PBXContainerItemProxy;
			containerPortal = 18A3A97B2A0FEDC000502310 /* Project object */;
			proxyType = 1;
			remoteGlobalIDString = 18A3A9822A0FEDC000502310;
			remoteInfo = UserLogin;
		};
/* End PBXContainerItemProxy section */

/* Begin PBXFileReference section */
		18A3A9832A0FEDC000502310 /* UserLogin.app */ = {isa = PBXFileReference; explicitFileType = wrapper.application; includeInIndex = 0; path = UserLogin.app; sourceTree = BUILT_PRODUCTS_DIR; };
		18A3A9862A0FEDC000502310 /* AppDelegate.swift */ = {isa = PBXFileReference; lastKnownFileType = sourcecode.swift; path = AppDelegate.swift; sourceTree = "<group>"; };
		18A3A9882A0FEDC000502310 /* SceneDelegate.swift */ = {isa = PBXFileReference; lastKnownFileType = sourcecode.swift; path = SceneDelegate.swift; sourceTree = "<group>"; };
		18A3A98A2A0FEDC000502310 /* ViewController.swift */ = {isa = PBXFileReference; lastKnownFileType = sourcecode.swift; path = ViewController.swift; sourceTree = "<group>"; };
		18A3A98D2A0FEDC000502310 /* Base */ = {isa = PBXFileReference; lastKnownFileType = file.storyboard; name = Base; path = Base.lproj/Main.storyboard; sourceTree = "<group>"; };
		18A3A98F2A0FEDD700502310 /* Assets.xcassets */ = {isa = PBXFileReference; lastKnownFileType = folder.assetcatalog; path = Assets.xcassets; sourceTree = "<group>"; };
		18A3A9922A0FEDD700502310 /* Base */ = {isa = PBXFileReference; lastKnownFileType = file.storyboard; name = Base; path = Base.lproj/LaunchScreen.storyboard; sourceTree = "<group>"; };
		18A3A9942A0FEDD700502310 /* Info.plist */ = {isa = PBXFileReference; lastKnownFileType = text.plist.xml; path = Info.plist; sourceTree = "<group>"; };
		18A3A9992A0FEDD700502310 /* UserLoginTests.xctest */ = {isa = PBXFileReference; explicitFileType = wrapper.cfbundle; includeInIndex = 0; path = UserLoginTests.xctest; sourceTree = BUILT_PRODUCTS_DIR; };
		18A3A99D2A0FEDD700502310 /* UserLoginTests.swift */ = {isa = PBXFileReference; lastKnownFileType = sourcecode.swift; path = UserLoginTests.swift; sourceTree = "<group>"; };
		18A3A9A32A0FEDD800502310 /* UserLoginUITests.xctest */ = {isa = PBXFileReference; explicitFileType = wrapper.cfbundle; includeInIndex = 0; path = UserLoginUITests.xctest; sourceTree = BUILT_PRODUCTS_DIR; };
		18A3A9A72A0FEDD800502310 /* UserLoginUITests.swift */ = {isa = PBXFileReference; lastKnownFileType = sourcecode.swift; path = UserLoginUITests.swift; sourceTree = "<group>"; };
		18A3A9A92A0FEDD800502310 /* UserLoginUITestsLaunchTests.swift */ = {isa = PBXFileReference; lastKnownFileType = sourcecode.swift; path = UserLoginUITestsLaunchTests.swift; sourceTree = "<group>"; };
/* End PBXFileReference section */

/* Begin PBXFrameworksBuildPhase section */
		18A3A9802A0FEDC000502310 /* Frameworks */ = {
			isa = PBXFrameworksBuildPhase;
			buildActionMask = 2147483647;
			files = (
			);
			runOnlyForDeploymentPostprocessing = 0;
		};
		18A3A9962A0FEDD700502310 /* Frameworks */ = {
			isa = PBXFrameworksBuildPhase;
			buildActionMask = 2147483647;
			files = (
			);
			runOnlyForDeploymentPostprocessing = 0;
		};
		18A3A9A02A0FEDD800502310 /* Frameworks */ = {
			isa = PBXFrameworksBuildPhase;
			buildActionMask = 2147483647;
			files = (
			);
			runOnlyForDeploymentPostprocessing = 0;
		};
/* End PBXFrameworksBuildPhase section */

/* Begin PBXGroup section */
		18A3A97A2A0FEDC000502310 = {
			isa = PBXGroup;
			children = (
				18A3A9852A0FEDC000502310 /* UserLogin */,
				18A3A99C2A0FEDD700502310 /* UserLoginTests */,
				18A3A9A62A0FEDD800502310 /* UserLoginUITests */,
				18A3A9842A0FEDC000502310 /* Products */,
			);
			sourceTree = "<group>";
		};
		18A3A9842A0FEDC000502310 /* Products */ = {
			isa = PBXGroup;
			children = (
				18A3A9832A0FEDC000502310 /* UserLogin.app */,
				18A3A9992A0FEDD700502310 /* UserLoginTests.xctest */,
				18A3A9A32A0FEDD800502310 /* UserLoginUITests.xctest */,
			);
			name = Products;
			sourceTree = "<group>";
		};
		18A3A9852A0FEDC000502310 /* UserLogin */ = {
			isa = PBXGroup;
			children = (
				18A3A9862A0FEDC000502310 /* AppDelegate.swift */,
				18A3A9882A0FEDC000502310 /* SceneDelegate.swift */,
				18A3A98A2A0FEDC000502310 /* ViewController.swift */,
				18A3A98C2A0FEDC000502310 /* Main.storyboard */,
				18A3A98F2A0FEDD700502310 /* Assets.xcassets */,
				18A3A9912A0FEDD700502310 /* LaunchScreen.storyboard */,
				18A3A9942A0FEDD700502310 /* Info.plist */,
			);
			path = UserLogin;
			sourceTree = "<group>";
		};
		18A3A99C2A0FEDD700502310 /* UserLoginTests */ = {
			isa = PBXGroup;
			children = (
				18A3A99D2A0FEDD700502310 /* UserLoginTests.swift */,
			);
			path = UserLoginTests;
			sourceTree = "<group>";
		};
		18A3A9A62A0FEDD800502310 /* UserLoginUITests */ = {
			isa = PBXGroup;
			children = (
				18A3A9A72A0FEDD800502310 /* UserLoginUITests.swift */,
				18A3A9A92A0FEDD800502310 /* UserLoginUITestsLaunchTests.swift */,
			);
			path = UserLoginUITests;
			sourceTree = "<group>";
		};
/* End PBXGroup section */

/* Begin PBXNativeTarget section */
		18A3A9822A0FEDC000502310 /* UserLogin */ = {
			isa = PBXNativeTarget;
			buildConfigurationList = 18A3A9AD2A0FEDD800502310 /* Build configuration list for PBXNativeTarget "UserLogin" */;
			buildPhases = (
				18A3A97F2A0FEDC000502310 /* Sources */,
				18A3A9802A0FEDC000502310 /* Frameworks */,
				18A3A9812A0FEDC000502310 /* Resources */,
			);
			buildRules = (
			);
			dependencies = (
			);
			name = UserLogin;
			productName = UserLogin;
			productReference = 18A3A9832A0FEDC000502310 /* UserLogin.app */;
			productType = "com.apple.product-type.application";
		};
		18A3A9982A0FEDD700502310 /* UserLoginTests */ = {
			isa = PBXNativeTarget;
			buildConfigurationList = 18A3A9B02A0FEDD800502310 /* Build configuration list for PBXNativeTarget "UserLoginTests" */;
			buildPhases = (
				18A3A9952A0FEDD700502310 /* Sources */,
				18A3A9962A0FEDD700502310 /* Frameworks */,
				18A3A9972A0FEDD700502310 /* Resources */,
			);
			buildRules = (
			);
			dependencies = (
				18A3A99B2A0FEDD700502310 /* PBXTargetDependency */,
			);
			name = UserLoginTests;
			productName = UserLoginTests;
			productReference = 18A3A9992A0FEDD700502310 /* UserLoginTests.xctest */;
			productType = "com.apple.product-type.bundle.unit-test";
		};
		18A3A9A22A0FEDD800502310 /* UserLoginUITests */ = {
			isa = PBXNativeTarget;
			buildConfigurationList = 18A3A9B32A0FEDD800502310 /* Build configuration list for PBXNativeTarget "UserLoginUITests" */;
			buildPhases = (
				18A3A99F2A0FEDD800502310 /* Sources */,
				18A3A9A02A0FEDD800502310 /* Frameworks */,
				18A3A9A12A0FEDD800502310 /* Resources */,
			);
			buildRules = (
			);
			dependencies = (
				18A3A9A52A0FEDD800502310 /* PBXTargetDependency */,
			);
			name = UserLoginUITests;
			productName = UserLoginUITests;
			productReference = 18A3A9A32A0FEDD800502310 /* UserLoginUITests.xctest */;
			productType = "com.apple.product-type.bundle.ui-testing";
		};
/* End PBXNativeTarget section */

/* Begin PBXProject section */
		18A3A97B2A0FEDC000502310 /* Project object */ = {
			isa = PBXProject;
			attributes = {
				BuildIndependentTargetsInParallel = 1;
				LastSwiftUpdateCheck = 1400;
				LastUpgradeCheck = 1400;
				TargetAttributes = {
					18A3A9822A0FEDC000502310 = {
						CreatedOnToolsVersion = 14.0.1;
					};
					18A3A9982A0FEDD700502310 = {
						CreatedOnToolsVersion = 14.0.1;
						TestTargetID = 18A3A9822A0FEDC000502310;
					};
					18A3A9A22A0FEDD800502310 = {
						CreatedOnToolsVersion = 14.0.1;
						TestTargetID = 18A3A9822A0FEDC000502310;
					};
				};
			};
			buildConfigurationList = 18A3A97E2A0FEDC000502310 /* Build configuration list for PBXProject "UserLogin" */;
			compatibilityVersion = "Xcode 14.0";
			developmentRegion = en;
			hasScannedForEncodings = 0;
			knownRegions = (
				en,
				Base,
			);
			mainGroup = 18A3A97A2A0FEDC000502310;
			productRefGroup = 18A3A9842A0FEDC000502310 /* Products */;
			projectDirPath = "";
			projectRoot = "";
			targets = (
				18A3A9822A0FEDC000502310 /* UserLogin */,
				18A3A9982A0FEDD700502310 /* UserLoginTests */,
				18A3A9A22A0FEDD800502310 /* UserLoginUITests */,
			);
		};
/* End PBXProject section */

/* Begin PBXResourcesBuildPhase section */
		18A3A9812A0FEDC000502310 /* Resources */ = {
			isa = PBXResourcesBuildPhase;
			buildActionMask = 2147483647;
			files = (
				18A3A9932A0FEDD700502310 /* LaunchScreen.storyboard in Resources */,
				18A3A9902A0FEDD700502310 /* Assets.xcassets in Resources */,
				18A3A98E2A0FEDC000502310 /* Main.storyboard in Resources */,
			);
			runOnlyForDeploymentPostprocessing = 0;
		};
		18A3A9972A0FEDD700502310 /* Resources */ = {
			isa = PBXResourcesBuildPhase;
			buildActionMask = 2147483647;
			files = (
			);
			runOnlyForDeploymentPostprocessing = 0;
		};
		18A3A9A12A0FEDD800502310 /* Resources */ = {
			isa = PBXResourcesBuildPhase;
			buildActionMask = 2147483647;
			files = (
			);
			runOnlyForDeploymentPostprocessing = 0;
		};
/* End PBXResourcesBuildPhase section */

/* Begin PBXSourcesBuildPhase section */
		18A3A97F2A0FEDC000502310 /* Sources */ = {
			isa = PBXSourcesBuildPhase;
			buildActionMask = 2147483647;
			files = (
				18A3A98B2A0FEDC000502310 /* ViewController.swift in Sources */,
				18A3A9872A0FEDC000502310 /* AppDelegate.swift in Sources */,
				18A3A9892A0FEDC000502310 /* SceneDelegate.swift in Sources */,
			);
			runOnlyForDeploymentPostprocessing = 0;
		};
		18A3A9952A0FEDD700502310 /* Sources */ = {
			isa = PBXSourcesBuildPhase;
			buildActionMask = 2147483647;
			files = (
				18A3A99E2A0FEDD700502310 /* UserLoginTests.swift in Sources */,
			);
			runOnlyForDeploymentPostprocessing = 0;
		};
		18A3A99F2A0FEDD800502310 /* Sources */ = {
			isa = PBXSourcesBuildPhase;
			buildActionMask = 2147483647;
			files = (
				18A3A9A82A0FEDD800502310 /* UserLoginUITests.swift in Sources */,
				18A3A9AA2A0FEDD800502310 /* UserLoginUITestsLaunchTests.swift in Sources */,
			);
			runOnlyForDeploymentPostprocessing = 0;
		};
/* End PBXSourcesBuildPhase section */

/* Begin PBXTargetDependency section */
		18A3A99B2A0FEDD700502310 /* PBXTargetDependency */ = {
			isa = PBXTargetDependency;
			target = 18A3A9822A0FEDC000502310 /* UserLogin */;
			targetProxy = 18A3A99A2A0FEDD700502310 /* PBXContainerItemProxy */;
		};
		18A3A9A52A0FEDD800502310 /* PBXTargetDependency */ = {
			isa = PBXTargetDependency;
			target = 18A3A9822A0FEDC000502310 /* UserLogin */;
			targetProxy = 18A3A9A42A0FEDD800502310 /* PBXContainerItemProxy */;
		};
/* End PBXTargetDependency section */

/* Begin PBXVariantGroup section */
		18A3A98C2A0FEDC000502310 /* Main.storyboard */ = {
			isa = PBXVariantGroup;
			children = (
				18A3A98D2A0FEDC000502310 /* Base */,
			);
			name = Main.storyboard;
			sourceTree = "<group>";
		};
		18A3A9912A0FEDD700502310 /* LaunchScreen.storyboard */ = {
			isa = PBXVariantGroup;
			children = (
				18A3A9922A0FEDD700502310 /* Base */,
			);
			name = LaunchScreen.storyboard;
			sourceTree = "<group>";
		};
/* End PBXVariantGroup section */

/* Begin XCBuildConfiguration section */
		18A3A9AB2A0FEDD800502310 /* Debug */ = {
			isa = XCBuildConfiguration;
			buildSettings = {
				ALWAYS_SEARCH_USER_PATHS = NO;
				CLANG_ANALYZER_NONNULL = YES;
				CLANG_ANALYZER_NUMBER_OBJECT_CONVERSION = YES_AGGRESSIVE;
				CLANG_CXX_LANGUAGE_STANDARD = "gnu++20";
				CLANG_ENABLE_MODULES = YES;
				CLANG_ENABLE_OBJC_ARC = YES;
				CLANG_ENABLE_OBJC_WEAK = YES;
				CLANG_WARN_BLOCK_CAPTURE_AUTORELEASING = YES;
				CLANG_WARN_BOOL_CONVERSION = YES;
				CLANG_WARN_COMMA = YES;
				CLANG_WARN_CONSTANT_CONVERSION = YES;
				CLANG_WARN_DEPRECATED_OBJC_IMPLEMENTATIONS = YES;
				CLANG_WARN_DIRECT_OBJC_ISA_USAGE = YES_ERROR;
				CLANG_WARN_DOCUMENTATION_COMMENTS = YES;
				CLANG_WARN_EMPTY_BODY = YES;
				CLANG_WARN_ENUM_CONVERSION = YES;
				CLANG_WARN_INFINITE_RECURSION = YES;
				CLANG_WARN_INT_CONVERSION = YES;
				CLANG_WARN_NON_LITERAL_NULL_CONVERSION = YES;
				CLANG_WARN_OBJC_IMPLICIT_RETAIN_SELF = YES;
				CLANG_WARN_OBJC_LITERAL_CONVERSION = YES;
				CLANG_WARN_OBJC_ROOT_CLASS = YES_ERROR;
				CLANG_WARN_QUOTED_INCLUDE_IN_FRAMEWORK_HEADER = YES;
				CLANG_WARN_RANGE_LOOP_ANALYSIS = YES;
				CLANG_WARN_STRICT_PROTOTYPES = YES;
				CLANG_WARN_SUSPICIOUS_MOVE = YES;
				CLANG_WARN_UNGUARDED_AVAILABILITY = YES_AGGRESSIVE;
				CLANG_WARN_UNREACHABLE_CODE = YES;
				CLANG_WARN__DUPLICATE_METHOD_MATCH = YES;
				COPY_PHASE_STRIP = NO;
				DEBUG_INFORMATION_FORMAT = dwarf;
				ENABLE_STRICT_OBJC_MSGSEND = YES;
				ENABLE_TESTABILITY = YES;
				GCC_C_LANGUAGE_STANDARD = gnu11;
				GCC_DYNAMIC_NO_PIC = NO;
				GCC_NO_COMMON_BLOCKS = YES;
				GCC_OPTIMIZATION_LEVEL = 0;
				GCC_PREPROCESSOR_DEFINITIONS = (
					"DEBUG=1",
					"$(inherited)",
				);
				GCC_WARN_64_TO_32_BIT_CONVERSION = YES;
				GCC_WARN_ABOUT_RETURN_TYPE = YES_ERROR;
				GCC_WARN_UNDECLARED_SELECTOR = YES;
				GCC_WARN_UNINITIALIZED_AUTOS = YES_AGGRESSIVE;
				GCC_WARN_UNUSED_FUNCTION = YES;
				GCC_WARN_UNUSED_VARIABLE = YES;
				IPHONEOS_DEPLOYMENT_TARGET = 16.0;
				MTL_ENABLE_DEBUG_INFO = INCLUDE_SOURCE;
				MTL_FAST_MATH = YES;
				ONLY_ACTIVE_ARCH = YES;
				SDKROOT = iphoneos;
				SWIFT_ACTIVE_COMPILATION_CONDITIONS = DEBUG;
				SWIFT_OPTIMIZATION_LEVEL = "-Onone";
			};
			name = Debug;
		};
		18A3A9AC2A0FEDD800502310 /* Release */ = {
			isa = XCBuildConfiguration;
			buildSettings = {
				ALWAYS_SEARCH_USER_PATHS = NO;
				CLANG_ANALYZER_NONNULL = YES;
				CLANG_ANALYZER_NUMBER_OBJECT_CONVERSION = YES_AGGRESSIVE;
				CLANG_CXX_LANGUAGE_STANDARD = "gnu++20";
				CLANG_ENABLE_MODULES = YES;
				CLANG_ENABLE_OBJC_ARC = YES;
				CLANG_ENABLE_OBJC_WEAK = YES;
				CLANG_WARN_BLOCK_CAPTURE_AUTORELEASING = YES;
				CLANG_WARN_BOOL_CONVERSION = YES;
				CLANG_WARN_COMMA = YES;
				CLANG_WARN_CONSTANT_CONVERSION = YES;
				CLANG_WARN_DEPRECATED_OBJC_IMPLEMENTATIONS = YES;
				CLANG_WARN_DIRECT_OBJC_ISA_USAGE = YES_ERROR;
				CLANG_WARN_DOCUMENTATION_COMMENTS = YES;
				CLANG_WARN_EMPTY_BODY = YES;
				CLANG_WARN_ENUM_CONVERSION = YES;
				CLANG_WARN_INFINITE_RECURSION = YES;
				CLANG_WARN_INT_CONVERSION = YES;
				CLANG_WARN_NON_LITERAL_NULL_CONVERSION = YES;
				CLANG_WARN_OBJC_IMPLICIT_RETAIN_SELF = YES;
				CLANG_WARN_OBJC_LITERAL_CONVERSION = YES;
				CLANG_WARN_OBJC_ROOT_CLASS = YES_ERROR;
				CLANG_WARN_QUOTED_INCLUDE_IN_FRAMEWORK_HEADER = YES;
				CLANG_WARN_RANGE_LOOP_ANALYSIS = YES;
				CLANG_WARN_STRICT_PROTOTYPES = YES;
				CLANG_WARN_SUSPICIOUS_MOVE = YES;
				CLANG_WARN_UNGUARDED_AVAILABILITY = YES_AGGRESSIVE;
				CLANG_WARN_UNREACHABLE_CODE = YES;
				CLANG_WARN__DUPLICATE_METHOD_MATCH = YES;
				COPY_PHASE_STRIP = NO;
				DEBUG_INFORMATION_FORMAT = "dwarf-with-dsym";
				ENABLE_NS_ASSERTIONS = NO;
				ENABLE_STRICT_OBJC_MSGSEND = YES;
				GCC_C_LANGUAGE_STANDARD = gnu11;
				GCC_NO_COMMON_BLOCKS = YES;
				GCC_WARN_64_TO_32_BIT_CONVERSION = YES;
				GCC_WARN_ABOUT_RETURN_TYPE = YES_ERROR;
				GCC_WARN_UNDECLARED_SELECTOR = YES;
				GCC_WARN_UNINITIALIZED_AUTOS = YES_AGGRESSIVE;
				GCC_WARN_UNUSED_FUNCTION = YES;
				GCC_WARN_UNUSED_VARIABLE = YES;
				IPHONEOS_DEPLOYMENT_TARGET = 16.0;
				MTL_ENABLE_DEBUG_INFO = NO;
				MTL_FAST_MATH = YES;
				SDKROOT = iphoneos;
				SWIFT_COMPILATION_MODE = wholemodule;
				SWIFT_OPTIMIZATION_LEVEL = "-O";
				VALIDATE_PRODUCT = YES;
			};
			name = Release;
		};
		18A3A9AE2A0FEDD800502310 /* Debug */ = {
			isa = XCBuildConfiguration;
			buildSettings = {
				ASSETCATALOG_COMPILER_APPICON_NAME = AppIcon;
				ASSETCATALOG_COMPILER_GLOBAL_ACCENT_COLOR_NAME = AccentColor;
				CODE_SIGN_STYLE = Automatic;
				CURRENT_PROJECT_VERSION = 1;
				GENERATE_INFOPLIST_FILE = YES;
				INFOPLIST_FILE = UserLogin/Info.plist;
				INFOPLIST_KEY_UIApplicationSupportsIndirectInputEvents = YES;
				INFOPLIST_KEY_UILaunchStoryboardName = LaunchScreen;
				INFOPLIST_KEY_UIMainStoryboardFile = Main;
				INFOPLIST_KEY_UISupportedInterfaceOrientations_iPad = "UIInterfaceOrientationPortrait UIInterfaceOrientationPortraitUpsideDown UIInterfaceOrientationLandscapeLeft UIInterfaceOrientationLandscapeRight";
				INFOPLIST_KEY_UISupportedInterfaceOrientations_iPhone = "UIInterfaceOrientationPortrait UIInterfaceOrientationLandscapeLeft UIInterfaceOrientationLandscapeRight";
				IPHONEOS_DEPLOYMENT_TARGET = 14.5;
				LD_RUNPATH_SEARCH_PATHS = (
					"$(inherited)",
					"@executable_path/Frameworks",
				);
				MARKETING_VERSION = 1.0;
				PRODUCT_BUNDLE_IDENTIFIER = com.sample.UserLogin;
				PRODUCT_NAME = "$(TARGET_NAME)";
				SWIFT_EMIT_LOC_STRINGS = YES;
				SWIFT_VERSION = 5.0;
				TARGETED_DEVICE_FAMILY = "1,2";
			};
			name = Debug;
		};
		18A3A9AF2A0FEDD800502310 /* Release */ = {
			isa = XCBuildConfiguration;
			buildSettings = {
				ASSETCATALOG_COMPILER_APPICON_NAME = AppIcon;
				ASSETCATALOG_COMPILER_GLOBAL_ACCENT_COLOR_NAME = AccentColor;
				CODE_SIGN_STYLE = Automatic;
				CURRENT_PROJECT_VERSION = 1;
				GENERATE_INFOPLIST_FILE = YES;
				INFOPLIST_FILE = UserLogin/Info.plist;
				INFOPLIST_KEY_UIApplicationSupportsIndirectInputEvents = YES;
				INFOPLIST_KEY_UILaunchStoryboardName = LaunchScreen;
				INFOPLIST_KEY_UIMainStoryboardFile = Main;
				INFOPLIST_KEY_UISupportedInterfaceOrientations_iPad = "UIInterfaceOrientationPortrait UIInterfaceOrientationPortraitUpsideDown UIInterfaceOrientationLandscapeLeft UIInterfaceOrientationLandscapeRight";
				INFOPLIST_KEY_UISupportedInterfaceOrientations_iPhone = "UIInterfaceOrientationPortrait UIInterfaceOrientationLandscapeLeft UIInterfaceOrientationLandscapeRight";
				IPHONEOS_DEPLOYMENT_TARGET = 14.5;
				LD_RUNPATH_SEARCH_PATHS = (
					"$(inherited)",
					"@executable_path/Frameworks",
				);
				MARKETING_VERSION = 1.0;
				PRODUCT_BUNDLE_IDENTIFIER = com.sample.UserLogin;
				PRODUCT_NAME = "$(TARGET_NAME)";
				SWIFT_EMIT_LOC_STRINGS = YES;
				SWIFT_VERSION = 5.0;
				TARGETED_DEVICE_FAMILY = "1,2";
			};
			name = Release;
		};
		18A3A9B12A0FEDD800502310 /* Debug */ = {
			isa = XCBuildConfiguration;
			buildSettings = {
				ALWAYS_EMBED_SWIFT_STANDARD_LIBRARIES = YES;
				BUNDLE_LOADER = "$(TEST_HOST)";
				CODE_SIGN_STYLE = Automatic;
				CURRENT_PROJECT_VERSION = 1;
				GENERATE_INFOPLIST_FILE = YES;
				IPHONEOS_DEPLOYMENT_TARGET = 16.0;
				MARKETING_VERSION = 1.0;
				PRODUCT_BUNDLE_IDENTIFIER = com.sample.UserLoginTests;
				PRODUCT_NAME = "$(TARGET_NAME)";
				SWIFT_EMIT_LOC_STRINGS = NO;
				SWIFT_VERSION = 5.0;
				TARGETED_DEVICE_FAMILY = "1,2";
				TEST_HOST = "$(BUILT_PRODUCTS_DIR)/UserLogin.app/$(BUNDLE_EXECUTABLE_FOLDER_PATH)/UserLogin";
			};
			name = Debug;
		};
		18A3A9B22A0FEDD800502310 /* Release */ = {
			isa = XCBuildConfiguration;
			buildSettings = {
				ALWAYS_EMBED_SWIFT_STANDARD_LIBRARIES = YES;
				BUNDLE_LOADER = "$(TEST_HOST)";
				CODE_SIGN_STYLE = Automatic;
				CURRENT_PROJECT_VERSION = 1;
				GENERATE_INFOPLIST_FILE = YES;
				IPHONEOS_DEPLOYMENT_TARGET = 16.0;
				MARKETING_VERSION = 1.0;
				PRODUCT_BUNDLE_IDENTIFIER = com.sample.UserLoginTests;
				PRODUCT_NAME = "$(TARGET_NAME)";
				SWIFT_EMIT_LOC_STRINGS = NO;
				SWIFT_VERSION = 5.0;
				TARGETED_DEVICE_FAMILY = "1,2";
				TEST_HOST = "$(BUILT_PRODUCTS_DIR)/UserLogin.app/$(BUNDLE_EXECUTABLE_FOLDER_PATH)/UserLogin";
			};
			name = Release;
		};
		18A3A9B42A0FEDD800502310 /* Debug */ = {
			isa = XCBuildConfiguration;
			buildSettings = {
				ALWAYS_EMBED_SWIFT_STANDARD_LIBRARIES = YES;
				CODE_SIGN_STYLE = Automatic;
				CURRENT_PROJECT_VERSION = 1;
				GENERATE_INFOPLIST_FILE = YES;
				MARKETING_VERSION = 1.0;
				PRODUCT_BUNDLE_IDENTIFIER = com.sample.UserLoginUITests;
				PRODUCT_NAME = "$(TARGET_NAME)";
				SWIFT_EMIT_LOC_STRINGS = NO;
				SWIFT_VERSION = 5.0;
				TARGETED_DEVICE_FAMILY = "1,2";
				TEST_TARGET_NAME = UserLogin;
			};
			name = Debug;
		};
		18A3A9B52A0FEDD800502310 /* Release */ = {
			isa = XCBuildConfiguration;
			buildSettings = {
				ALWAYS_EMBED_SWIFT_STANDARD_LIBRARIES = YES;
				CODE_SIGN_STYLE = Automatic;
				CURRENT_PROJECT_VERSION = 1;
				GENERATE_INFOPLIST_FILE = YES;
				MARKETING_VERSION = 1.0;
				PRODUCT_BUNDLE_IDENTIFIER = com.sample.UserLoginUITests;
				PRODUCT_NAME = "$(TARGET_NAME)";
				SWIFT_EMIT_LOC_STRINGS = NO;
				SWIFT_VERSION = 5.0;
				TARGETED_DEVICE_FAMILY = "1,2";
				TEST_TARGET_NAME = UserLogin;
			};
			name = Release;
		};
/* End XCBuildConfiguration section */

/* Begin XCConfigurationList section */
		18A3A97E2A0FEDC000502310 /* Build configuration list for PBXProject "UserLogin" */ = {
			isa = XCConfigurationList;
			buildConfigurations = (
				18A3A9AB2A0FEDD800502310 /* Debug */,
				18A3A9AC2A0FEDD800502310 /* Release */,
			);
			defaultConfigurationIsVisible = 0;
			defaultConfigurationName = Release;
		};
		18A3A9AD2A0FEDD800502310 /* Build configuration list for PBXNativeTarget "UserLogin" */ = {
			isa = XCConfigurationList;
			buildConfigurations = (
				18A3A9AE2A0FEDD800502310 /* Debug */,
				18A3A9AF2A0FEDD800502310 /* Release */,
			);
			defaultConfigurationIsVisible = 0;
			defaultConfigurationName = Release;
		};
		18A3A9B02A0FEDD800502310 /* Build configuration list for PBXNativeTarget "UserLoginTests" */ = {
			isa = XCConfigurationList;
			buildConfigurations = (
				18A3A9B12A0FEDD800502310 /* Debug */,
				18A3A9B22A0FEDD800502310 /* Release */,
			);
			defaultConfigurationIsVisible = 0;
			defaultConfigurationName = Release;
		};
		18A3A9B32A0FEDD800502310 /* Build configuration list for PBXNativeTarget "UserLoginUITests" */ = {
			isa = XCConfigurationList;
			buildConfigurations = (
				18A3A9B42A0FEDD800502310 /* Debug */,
				18A3A9B52A0FEDD800502310 /* Release */,
			);
			defaultConfigurationIsVisible = 0;
			defaultConfigurationName = Release;
		};
/* End XCConfigurationList section */
	};
	rootObject = 18A3A97B2A0FEDC000502310 /* Project object */;
}
